
Microsoft Visual Studio Solution File, Format Version 12.00
# Visual Studio Version 17
VisualStudioVersion = 17.5.33516.290
MinimumVisualStudioVersion = 10.0.40219.1
Project("{FAE04EC0-301F-11D3-BF4B-00C04F79EFBC}") = "CODAPI", "CODAPI\CODAPI.csproj", "{3A873717-2D25-42D2-8D31-A8CA6628D2C6}"
EndProject
Global
	GlobalSection(SolutionConfigurationPlatforms) = preSolution
		Debug|Any CPU = Debug|Any CPU
		Release|Any CPU = Release|Any CPU
	EndGlobalSection
	GlobalSection(ProjectConfigurationPlatforms) = postSolution
		{3A873717-2D25-42D2-8D31-A8CA6628D2C6}.Debug|Any CPU.ActiveCfg = Debug|Any CPU
		{3A873717-2D25-42D2-8D31-A8CA6628D2C6}.Debug|Any CPU.Build.0 = Debug|Any CPU
		{3A873717-2D25-42D2-8D31-A8CA6628D2C6}.Release|Any CPU.ActiveCfg = Release|Any CPU
		{3A873717-2D25-42D2-8D31-A8CA6628D2C6}.Release|Any CPU.Build.0 = Release|Any CPU
	EndGlobalSection
	GlobalSection(SolutionProperties) = preSolution
		HideSolutionNode = FALSE
	EndGlobalSection
	GlobalSection(ExtensibilityGlobals) = postSolution
		SolutionGuid = {56F2BA74-1826-42D1-BF19-BD895A9AD512}
	EndGlobalSection
EndGlobal
